
Microsoft Visual Studio Solution File, Format Version 12.00
# Visual Studio 15
<<<<<<< HEAD
Project("{FAE04EC0-301F-11D3-BF4B-00C04F79EFBC}") = "Assembly-CSharp", "Assembly-CSharp.csproj", "{06A874C9-285C-91A5-0E80-B6FF4D135E69}"
EndProject
=======

>>>>>>> 7a0faddc188cb8455a56e5c1f2430aefe2f69f2e
Global
	GlobalSection(SolutionConfigurationPlatforms) = preSolution
		Debug|Any CPU = Debug|Any CPU
		Release|Any CPU = Release|Any CPU
	EndGlobalSection
	GlobalSection(ProjectConfigurationPlatforms) = postSolution
<<<<<<< HEAD
		{06A874C9-285C-91A5-0E80-B6FF4D135E69}.Debug|Any CPU.ActiveCfg = Debug|Any CPU
		{06A874C9-285C-91A5-0E80-B6FF4D135E69}.Debug|Any CPU.Build.0 = Debug|Any CPU
		{06A874C9-285C-91A5-0E80-B6FF4D135E69}.Release|Any CPU.ActiveCfg = Release|Any CPU
		{06A874C9-285C-91A5-0E80-B6FF4D135E69}.Release|Any CPU.Build.0 = Release|Any CPU
=======

>>>>>>> 7a0faddc188cb8455a56e5c1f2430aefe2f69f2e
	EndGlobalSection
	GlobalSection(SolutionProperties) = preSolution
		HideSolutionNode = FALSE
	EndGlobalSection
EndGlobal
